// !$*UTF8*$!
{
	archiveVersion = 1;
	classes = {
	};
	objectVersion = 50;
	objects = {

/* Begin PBXBuildFile section */
		6BBA0FBA20E71C8200E6B350 /* AppDelegate.swift in Sources */ = {isa = PBXBuildFile; fileRef = 6BBA0FB920E71C8200E6B350 /* AppDelegate.swift */; };
		6BBA0FBC20E71C8200E6B350 /* ViewController.swift in Sources */ = {isa = PBXBuildFile; fileRef = 6BBA0FBB20E71C8200E6B350 /* ViewController.swift */; };
		6BBA0FBF20E71C8200E6B350 /* Main.storyboard in Resources */ = {isa = PBXBuildFile; fileRef = 6BBA0FBD20E71C8200E6B350 /* Main.storyboard */; };
		6BBA0FC120E71C8500E6B350 /* Assets.xcassets in Resources */ = {isa = PBXBuildFile; fileRef = 6BBA0FC020E71C8500E6B350 /* Assets.xcassets */; };
		6BBA0FC420E71C8500E6B350 /* LaunchScreen.storyboard in Resources */ = {isa = PBXBuildFile; fileRef = 6BBA0FC220E71C8500E6B350 /* LaunchScreen.storyboard */; };
		6BBA0FCF20E71C8500E6B350 /* ColorLiteratureTests.swift in Sources */ = {isa = PBXBuildFile; fileRef = 6BBA0FCE20E71C8500E6B350 /* ColorLiteratureTests.swift */; };
		6BBA0FDA20E71C8500E6B350 /* ColorLiteratureUITests.swift in Sources */ = {isa = PBXBuildFile; fileRef = 6BBA0FD920E71C8500E6B350 /* ColorLiteratureUITests.swift */; };
/* End PBXBuildFile section */

/* Begin PBXContainerItemProxy section */
		6BBA0FCB20E71C8500E6B350 /* PBXContainerItemProxy */ = {
			isa = PBXContainerItemProxy;
			containerPortal = 6BBA0FAE20E71C8200E6B350 /* Project object */;
			proxyType = 1;
			remoteGlobalIDString = 6BBA0FB520E71C8200E6B350;
			remoteInfo = ColorLiterature;
		};
		6BBA0FD620E71C8500E6B350 /* PBXContainerItemProxy */ = {
			isa = PBXContainerItemProxy;
			containerPortal = 6BBA0FAE20E71C8200E6B350 /* Project object */;
			proxyType = 1;
			remoteGlobalIDString = 6BBA0FB520E71C8200E6B350;
			remoteInfo = ColorLiterature;
		};
/* End PBXContainerItemProxy section */

/* Begin PBXFileReference section */
		6BBA0FB620E71C8200E6B350 /* ColorLiterature.app */ = {isa = PBXFileReference; explicitFileType = wrapper.application; includeInIndex = 0; path = ColorLiterature.app; sourceTree = BUILT_PRODUCTS_DIR; };
		6BBA0FB920E71C8200E6B350 /* AppDelegate.swift */ = {isa = PBXFileReference; lastKnownFileType = sourcecode.swift; path = AppDelegate.swift; sourceTree = "<group>"; };
		6BBA0FBB20E71C8200E6B350 /* ViewController.swift */ = {isa = PBXFileReference; lastKnownFileType = sourcecode.swift; path = ViewController.swift; sourceTree = "<group>"; };
		6BBA0FBE20E71C8200E6B350 /* Base */ = {isa = PBXFileReference; lastKnownFileType = file.storyboard; name = Base; path = Base.lproj/Main.storyboard; sourceTree = "<group>"; };
		6BBA0FC020E71C8500E6B350 /* Assets.xcassets */ = {isa = PBXFileReference; lastKnownFileType = folder.assetcatalog; path = Assets.xcassets; sourceTree = "<group>"; };
		6BBA0FC320E71C8500E6B350 /* Base */ = {isa = PBXFileReference; lastKnownFileType = file.storyboard; name = Base; path = Base.lproj/LaunchScreen.storyboard; sourceTree = "<group>"; };
		6BBA0FC520E71C8500E6B350 /* Info.plist */ = {isa = PBXFileReference; lastKnownFileType = text.plist.xml; path = Info.plist; sourceTree = "<group>"; };
		6BBA0FCA20E71C8500E6B350 /* ColorLiteratureTests.xctest */ = {isa = PBXFileReference; explicitFileType = wrapper.cfbundle; includeInIndex = 0; path = ColorLiteratureTests.xctest; sourceTree = BUILT_PRODUCTS_DIR; };
		6BBA0FCE20E71C8500E6B350 /* ColorLiteratureTests.swift */ = {isa = PBXFileReference; lastKnownFileType = sourcecode.swift; path = ColorLiteratureTests.swift; sourceTree = "<group>"; };
		6BBA0FD020E71C8500E6B350 /* Info.plist */ = {isa = PBXFileReference; lastKnownFileType = text.plist.xml; path = Info.plist; sourceTree = "<group>"; };
		6BBA0FD520E71C8500E6B350 /* ColorLiteratureUITests.xctest */ = {isa = PBXFileReference; explicitFileType = wrapper.cfbundle; includeInIndex = 0; path = ColorLiteratureUITests.xctest; sourceTree = BUILT_PRODUCTS_DIR; };
		6BBA0FD920E71C8500E6B350 /* ColorLiteratureUITests.swift */ = {isa = PBXFileReference; lastKnownFileType = sourcecode.swift; path = ColorLiteratureUITests.swift; sourceTree = "<group>"; };
		6BBA0FDB20E71C8500E6B350 /* Info.plist */ = {isa = PBXFileReference; lastKnownFileType = text.plist.xml; path = Info.plist; sourceTree = "<group>"; };
/* End PBXFileReference section */

/* Begin PBXFrameworksBuildPhase section */
		6BBA0FB320E71C8200E6B350 /* Frameworks */ = {
			isa = PBXFrameworksBuildPhase;
			buildActionMask = 2147483647;
			files = (
			);
			runOnlyForDeploymentPostprocessing = 0;
		};
		6BBA0FC720E71C8500E6B350 /* Frameworks */ = {
			isa = PBXFrameworksBuildPhase;
			buildActionMask = 2147483647;
			files = (
			);
			runOnlyForDeploymentPostprocessing = 0;
		};
		6BBA0FD220E71C8500E6B350 /* Frameworks */ = {
			isa = PBXFrameworksBuildPhase;
			buildActionMask = 2147483647;
			files = (
			);
			runOnlyForDeploymentPostprocessing = 0;
		};
/* End PBXFrameworksBuildPhase section */

/* Begin PBXGroup section */
		6BBA0FAD20E71C8200E6B350 = {
			isa = PBXGroup;
			children = (
				6BBA0FB820E71C8200E6B350 /* ColorLiterature */,
				6BBA0FCD20E71C8500E6B350 /* ColorLiteratureTests */,
				6BBA0FD820E71C8500E6B350 /* ColorLiteratureUITests */,
				6BBA0FB720E71C8200E6B350 /* Products */,
			);
			sourceTree = "<group>";
		};
		6BBA0FB720E71C8200E6B350 /* Products */ = {
			isa = PBXGroup;
			children = (
				6BBA0FB620E71C8200E6B350 /* ColorLiterature.app */,
				6BBA0FCA20E71C8500E6B350 /* ColorLiteratureTests.xctest */,
				6BBA0FD520E71C8500E6B350 /* ColorLiteratureUITests.xctest */,
			);
			name = Products;
			sourceTree = "<group>";
		};
		6BBA0FB820E71C8200E6B350 /* ColorLiterature */ = {
			isa = PBXGroup;
			children = (
				6BBA0FB920E71C8200E6B350 /* AppDelegate.swift */,
				6BBA0FBB20E71C8200E6B350 /* ViewController.swift */,
				6BBA0FBD20E71C8200E6B350 /* Main.storyboard */,
				6BBA0FC020E71C8500E6B350 /* Assets.xcassets */,
				6BBA0FC220E71C8500E6B350 /* LaunchScreen.storyboard */,
				6BBA0FC520E71C8500E6B350 /* Info.plist */,
			);
			path = ColorLiterature;
			sourceTree = "<group>";
		};
		6BBA0FCD20E71C8500E6B350 /* ColorLiteratureTests */ = {
			isa = PBXGroup;
			children = (
				6BBA0FCE20E71C8500E6B350 /* ColorLiteratureTests.swift */,
				6BBA0FD020E71C8500E6B350 /* Info.plist */,
			);
			path = ColorLiteratureTests;
			sourceTree = "<group>";
		};
		6BBA0FD820E71C8500E6B350 /* ColorLiteratureUITests */ = {
			isa = PBXGroup;
			children = (
				6BBA0FD920E71C8500E6B350 /* ColorLiteratureUITests.swift */,
				6BBA0FDB20E71C8500E6B350 /* Info.plist */,
			);
			path = ColorLiteratureUITests;
			sourceTree = "<group>";
		};
/* End PBXGroup section */

/* Begin PBXNativeTarget section */
		6BBA0FB520E71C8200E6B350 /* ColorLiterature */ = {
			isa = PBXNativeTarget;
			buildConfigurationList = 6BBA0FDE20E71C8500E6B350 /* Build configuration list for PBXNativeTarget "ColorLiterature" */;
			buildPhases = (
				6BBA0FB220E71C8200E6B350 /* Sources */,
				6BBA0FB320E71C8200E6B350 /* Frameworks */,
				6BBA0FB420E71C8200E6B350 /* Resources */,
			);
			buildRules = (
			);
			dependencies = (
			);
			name = ColorLiterature;
			productName = ColorLiterature;
			productReference = 6BBA0FB620E71C8200E6B350 /* ColorLiterature.app */;
			productType = "com.apple.product-type.application";
		};
		6BBA0FC920E71C8500E6B350 /* ColorLiteratureTests */ = {
			isa = PBXNativeTarget;
			buildConfigurationList = 6BBA0FE120E71C8500E6B350 /* Build configuration list for PBXNativeTarget "ColorLiteratureTests" */;
			buildPhases = (
				6BBA0FC620E71C8500E6B350 /* Sources */,
				6BBA0FC720E71C8500E6B350 /* Frameworks */,
				6BBA0FC820E71C8500E6B350 /* Resources */,
			);
			buildRules = (
			);
			dependencies = (
				6BBA0FCC20E71C8500E6B350 /* PBXTargetDependency */,
			);
			name = ColorLiteratureTests;
			productName = ColorLiteratureTests;
			productReference = 6BBA0FCA20E71C8500E6B350 /* ColorLiteratureTests.xctest */;
			productType = "com.apple.product-type.bundle.unit-test";
		};
		6BBA0FD420E71C8500E6B350 /* ColorLiteratureUITests */ = {
			isa = PBXNativeTarget;
			buildConfigurationList = 6BBA0FE420E71C8500E6B350 /* Build configuration list for PBXNativeTarget "ColorLiteratureUITests" */;
			buildPhases = (
				6BBA0FD120E71C8500E6B350 /* Sources */,
				6BBA0FD220E71C8500E6B350 /* Frameworks */,
				6BBA0FD320E71C8500E6B350 /* Resources */,
			);
			buildRules = (
			);
			dependencies = (
				6BBA0FD720E71C8500E6B350 /* PBXTargetDependency */,
			);
			name = ColorLiteratureUITests;
			productName = ColorLiteratureUITests;
			productReference = 6BBA0FD520E71C8500E6B350 /* ColorLiteratureUITests.xctest */;
			productType = "com.apple.product-type.bundle.ui-testing";
		};
/* End PBXNativeTarget section */

/* Begin PBXProject section */
		6BBA0FAE20E71C8200E6B350 /* Project object */ = {
			isa = PBXProject;
			attributes = {
				LastSwiftUpdateCheck = 1000;
				LastUpgradeCheck = 1000;
				ORGANIZATIONNAME = CKK;
				TargetAttributes = {
					6BBA0FB520E71C8200E6B350 = {
						CreatedOnToolsVersion = 10.0;
					};
					6BBA0FC920E71C8500E6B350 = {
						CreatedOnToolsVersion = 10.0;
						TestTargetID = 6BBA0FB520E71C8200E6B350;
					};
					6BBA0FD420E71C8500E6B350 = {
						CreatedOnToolsVersion = 10.0;
						TestTargetID = 6BBA0FB520E71C8200E6B350;
					};
				};
			};
			buildConfigurationList = 6BBA0FB120E71C8200E6B350 /* Build configuration list for PBXProject "ColorLiterature" */;
			compatibilityVersion = "Xcode 9.3";
			developmentRegion = en;
			hasScannedForEncodings = 0;
			knownRegions = (
				en,
				Base,
			);
			mainGroup = 6BBA0FAD20E71C8200E6B350;
			productRefGroup = 6BBA0FB720E71C8200E6B350 /* Products */;
			projectDirPath = "";
			projectRoot = "";
			targets = (
				6BBA0FB520E71C8200E6B350 /* ColorLiterature */,
				6BBA0FC920E71C8500E6B350 /* ColorLiteratureTests */,
				6BBA0FD420E71C8500E6B350 /* ColorLiteratureUITests */,
			);
		};
/* End PBXProject section */

/* Begin PBXResourcesBuildPhase section */
		6BBA0FB420E71C8200E6B350 /* Resources */ = {
			isa = PBXResourcesBuildPhase;
			buildActionMask = 2147483647;
			files = (
				6BBA0FC420E71C8500E6B350 /* LaunchScreen.storyboard in Resources */,
				6BBA0FC120E71C8500E6B350 /* Assets.xcassets in Resources */,
				6BBA0FBF20E71C8200E6B350 /* Main.storyboard in Resources */,
			);
			runOnlyForDeploymentPostprocessing = 0;
		};
		6BBA0FC820E71C8500E6B350 /* Resources */ = {
			isa = PBXResourcesBuildPhase;
			buildActionMask = 2147483647;
			files = (
			);
			runOnlyForDeploymentPostprocessing = 0;
		};
		6BBA0FD320E71C8500E6B350 /* Resources */ = {
			isa = PBXResourcesBuildPhase;
			buildActionMask = 2147483647;
			files = (
			);
			runOnlyForDeploymentPostprocessing = 0;
		};
/* End PBXResourcesBuildPhase section */

/* Begin PBXSourcesBuildPhase section */
		6BBA0FB220E71C8200E6B350 /* Sources */ = {
			isa = PBXSourcesBuildPhase;
			buildActionMask = 2147483647;
			files = (
				6BBA0FBC20E71C8200E6B350 /* ViewController.swift in Sources */,
				6BBA0FBA20E71C8200E6B350 /* AppDelegate.swift in Sources */,
			);
			runOnlyForDeploymentPostprocessing = 0;
		};
		6BBA0FC620E71C8500E6B350 /* Sources */ = {
			isa = PBXSourcesBuildPhase;
			buildActionMask = 2147483647;
			files = (
				6BBA0FCF20E71C8500E6B350 /* ColorLiteratureTests.swift in Sources */,
			);
			runOnlyForDeploymentPostprocessing = 0;
		};
		6BBA0FD120E71C8500E6B350 /* Sources */ = {
			isa = PBXSourcesBuildPhase;
			buildActionMask = 2147483647;
			files = (
				6BBA0FDA20E71C8500E6B350 /* ColorLiteratureUITests.swift in Sources */,
			);
			runOnlyForDeploymentPostprocessing = 0;
		};
/* End PBXSourcesBuildPhase section */

/* Begin PBXTargetDependency section */
		6BBA0FCC20E71C8500E6B350 /* PBXTargetDependency */ = {
			isa = PBXTargetDependency;
			target = 6BBA0FB520E71C8200E6B350 /* ColorLiterature */;
			targetProxy = 6BBA0FCB20E71C8500E6B350 /* PBXContainerItemProxy */;
		};
		6BBA0FD720E71C8500E6B350 /* PBXTargetDependency */ = {
			isa = PBXTargetDependency;
			target = 6BBA0FB520E71C8200E6B350 /* ColorLiterature */;
			targetProxy = 6BBA0FD620E71C8500E6B350 /* PBXContainerItemProxy */;
		};
/* End PBXTargetDependency section */

/* Begin PBXVariantGroup section */
		6BBA0FBD20E71C8200E6B350 /* Main.storyboard */ = {
			isa = PBXVariantGroup;
			children = (
				6BBA0FBE20E71C8200E6B350 /* Base */,
			);
			name = Main.storyboard;
			sourceTree = "<group>";
		};
		6BBA0FC220E71C8500E6B350 /* LaunchScreen.storyboard */ = {
			isa = PBXVariantGroup;
			children = (
				6BBA0FC320E71C8500E6B350 /* Base */,
			);
			name = LaunchScreen.storyboard;
			sourceTree = "<group>";
		};
/* End PBXVariantGroup section */

/* Begin XCBuildConfiguration section */
		6BBA0FDC20E71C8500E6B350 /* Debug */ = {
			isa = XCBuildConfiguration;
			buildSettings = {
				ALWAYS_SEARCH_USER_PATHS = NO;
				CLANG_ANALYZER_NONNULL = YES;
				CLANG_ANALYZER_NUMBER_OBJECT_CONVERSION = YES_AGGRESSIVE;
				CLANG_CXX_LANGUAGE_STANDARD = "gnu++14";
				CLANG_CXX_LIBRARY = "libc++";
				CLANG_ENABLE_MODULES = YES;
				CLANG_ENABLE_OBJC_ARC = YES;
				CLANG_ENABLE_OBJC_WEAK = YES;
				CLANG_WARN_BLOCK_CAPTURE_AUTORELEASING = YES;
				CLANG_WARN_BOOL_CONVERSION = YES;
				CLANG_WARN_COMMA = YES;
				CLANG_WARN_CONSTANT_CONVERSION = YES;
				CLANG_WARN_DEPRECATED_OBJC_IMPLEMENTATIONS = YES;
				CLANG_WARN_DIRECT_OBJC_ISA_USAGE = YES_ERROR;
				CLANG_WARN_DOCUMENTATION_COMMENTS = YES;
				CLANG_WARN_EMPTY_BODY = YES;
				CLANG_WARN_ENUM_CONVERSION = YES;
				CLANG_WARN_INFINITE_RECURSION = YES;
				CLANG_WARN_INT_CONVERSION = YES;
				CLANG_WARN_NON_LITERAL_NULL_CONVERSION = YES;
				CLANG_WARN_OBJC_IMPLICIT_RETAIN_SELF = YES;
				CLANG_WARN_OBJC_LITERAL_CONVERSION = YES;
				CLANG_WARN_OBJC_ROOT_CLASS = YES_ERROR;
				CLANG_WARN_RANGE_LOOP_ANALYSIS = YES;
				CLANG_WARN_STRICT_PROTOTYPES = YES;
				CLANG_WARN_SUSPICIOUS_MOVE = YES;
				CLANG_WARN_UNGUARDED_AVAILABILITY = YES_AGGRESSIVE;
				CLANG_WARN_UNREACHABLE_CODE = YES;
				CLANG_WARN__DUPLICATE_METHOD_MATCH = YES;
				CODE_SIGN_IDENTITY = "iPhone Developer";
				COPY_PHASE_STRIP = NO;
				DEBUG_INFORMATION_FORMAT = dwarf;
				ENABLE_STRICT_OBJC_MSGSEND = YES;
				ENABLE_TESTABILITY = YES;
				GCC_C_LANGUAGE_STANDARD = gnu11;
				GCC_DYNAMIC_NO_PIC = NO;
				GCC_NO_COMMON_BLOCKS = YES;
				GCC_OPTIMIZATION_LEVEL = 0;
				GCC_PREPROCESSOR_DEFINITIONS = (
					"DEBUG=1",
					"$(inherited)",
				);
				GCC_WARN_64_TO_32_BIT_CONVERSION = YES;
				GCC_WARN_ABOUT_RETURN_TYPE = YES_ERROR;
				GCC_WARN_UNDECLARED_SELECTOR = YES;
				GCC_WARN_UNINITIALIZED_AUTOS = YES_AGGRESSIVE;
				GCC_WARN_UNUSED_FUNCTION = YES;
				GCC_WARN_UNUSED_VARIABLE = YES;
				IPHONEOS_DEPLOYMENT_TARGET = 12.0;
				MTL_ENABLE_DEBUG_INFO = INCLUDE_SOURCE;
				ONLY_ACTIVE_ARCH = YES;
				SDKROOT = iphoneos;
				SWIFT_ACTIVE_COMPILATION_CONDITIONS = DEBUG;
				SWIFT_OPTIMIZATION_LEVEL = "-Onone";
			};
			name = Debug;
		};
		6BBA0FDD20E71C8500E6B350 /* Release */ = {
			isa = XCBuildConfiguration;
			buildSettings = {
				ALWAYS_SEARCH_USER_PATHS = NO;
				CLANG_ANALYZER_NONNULL = YES;
				CLANG_ANALYZER_NUMBER_OBJECT_CONVERSION = YES_AGGRESSIVE;
				CLANG_CXX_LANGUAGE_STANDARD = "gnu++14";
				CLANG_CXX_LIBRARY = "libc++";
				CLANG_ENABLE_MODULES = YES;
				CLANG_ENABLE_OBJC_ARC = YES;
				CLANG_ENABLE_OBJC_WEAK = YES;
				CLANG_WARN_BLOCK_CAPTURE_AUTORELEASING = YES;
				CLANG_WARN_BOOL_CONVERSION = YES;
				CLANG_WARN_COMMA = YES;
				CLANG_WARN_CONSTANT_CONVERSION = YES;
				CLANG_WARN_DEPRECATED_OBJC_IMPLEMENTATIONS = YES;
				CLANG_WARN_DIRECT_OBJC_ISA_USAGE = YES_ERROR;
				CLANG_WARN_DOCUMENTATION_COMMENTS = YES;
				CLANG_WARN_EMPTY_BODY = YES;
				CLANG_WARN_ENUM_CONVERSION = YES;
				CLANG_WARN_INFINITE_RECURSION = YES;
				CLANG_WARN_INT_CONVERSION = YES;
				CLANG_WARN_NON_LITERAL_NULL_CONVERSION = YES;
				CLANG_WARN_OBJC_IMPLICIT_RETAIN_SELF = YES;
				CLANG_WARN_OBJC_LITERAL_CONVERSION = YES;
				CLANG_WARN_OBJC_ROOT_CLASS = YES_ERROR;
				CLANG_WARN_RANGE_LOOP_ANALYSIS = YES;
				CLANG_WARN_STRICT_PROTOTYPES = YES;
				CLANG_WARN_SUSPICIOUS_MOVE = YES;
				CLANG_WARN_UNGUARDED_AVAILABILITY = YES_AGGRESSIVE;
				CLANG_WARN_UNREACHABLE_CODE = YES;
				CLANG_WARN__DUPLICATE_METHOD_MATCH = YES;
				CODE_SIGN_IDENTITY = "iPhone Developer";
				COPY_PHASE_STRIP = NO;
				DEBUG_INFORMATION_FORMAT = "dwarf-with-dsym";
				ENABLE_NS_ASSERTIONS = NO;
				ENABLE_STRICT_OBJC_MSGSEND = YES;
				GCC_C_LANGUAGE_STANDARD = gnu11;
				GCC_NO_COMMON_BLOCKS = YES;
				GCC_WARN_64_TO_32_BIT_CONVERSION = YES;
				GCC_WARN_ABOUT_RETURN_TYPE = YES_ERROR;
				GCC_WARN_UNDECLARED_SELECTOR = YES;
				GCC_WARN_UNINITIALIZED_AUTOS = YES_AGGRESSIVE;
				GCC_WARN_UNUSED_FUNCTION = YES;
				GCC_WARN_UNUSED_VARIABLE = YES;
				IPHONEOS_DEPLOYMENT_TARGET = 12.0;
				MTL_ENABLE_DEBUG_INFO = NO;
				SDKROOT = iphoneos;
				SWIFT_COMPILATION_MODE = wholemodule;
				SWIFT_OPTIMIZATION_LEVEL = "-O";
				VALIDATE_PRODUCT = YES;
			};
			name = Release;
		};
		6BBA0FDF20E71C8500E6B350 /* Debug */ = {
			isa = XCBuildConfiguration;
			buildSettings = {
				ASSETCATALOG_COMPILER_APPICON_NAME = AppIcon;
				CODE_SIGN_STYLE = Automatic;
				DEVELOPMENT_TEAM = 899Y8P9S36;
				INFOPLIST_FILE = ColorLiterature/Info.plist;
				LD_RUNPATH_SEARCH_PATHS = (
					"$(inherited)",
					"@executable_path/Frameworks",
				);
				PRODUCT_BUNDLE_IDENTIFIER = CKK.ColorLiterature;
				PRODUCT_NAME = "$(TARGET_NAME)";
				SWIFT_VERSION = 4.2;
				TARGETED_DEVICE_FAMILY = "1,2";
			};
			name = Debug;
		};
		6BBA0FE020E71C8500E6B350 /* Release */ = {
			isa = XCBuildConfiguration;
			buildSettings = {
				ASSETCATALOG_COMPILER_APPICON_NAME = AppIcon;
				CODE_SIGN_STYLE = Automatic;
				DEVELOPMENT_TEAM = 899Y8P9S36;
				INFOPLIST_FILE = ColorLiterature/Info.plist;
				LD_RUNPATH_SEARCH_PATHS = (
					"$(inherited)",
					"@executable_path/Frameworks",
				);
				PRODUCT_BUNDLE_IDENTIFIER = CKK.ColorLiterature;
				PRODUCT_NAME = "$(TARGET_NAME)";
				SWIFT_VERSION = 4.2;
				TARGETED_DEVICE_FAMILY = "1,2";
			};
			name = Release;
		};
		6BBA0FE220E71C8500E6B350 /* Debug */ = {
			isa = XCBuildConfiguration;
			buildSettings = {
				ALWAYS_EMBED_SWIFT_STANDARD_LIBRARIES = YES;
				BUNDLE_LOADER = "$(TEST_HOST)";
				CODE_SIGN_STYLE = Automatic;
				DEVELOPMENT_TEAM = 899Y8P9S36;
				INFOPLIST_FILE = ColorLiteratureTests/Info.plist;
				LD_RUNPATH_SEARCH_PATHS = (
					"$(inherited)",
					"@executable_path/Frameworks",
					"@loader_path/Frameworks",
				);
				PRODUCT_BUNDLE_IDENTIFIER = CKK.ColorLiteratureTests;
				PRODUCT_NAME = "$(TARGET_NAME)";
				SWIFT_VERSION = 4.2;
				TARGETED_DEVICE_FAMILY = "1,2";
				TEST_HOST = "$(BUILT_PRODUCTS_DIR)/ColorLiterature.app/ColorLiterature";
			};
			name = Debug;
		};
		6BBA0FE320E71C8500E6B350 /* Release */ = {
			isa = XCBuildConfiguration;
			buildSettings = {
				ALWAYS_EMBED_SWIFT_STANDARD_LIBRARIES = YES;
				BUNDLE_LOADER = "$(TEST_HOST)";
				CODE_SIGN_STYLE = Automatic;
				DEVELOPMENT_TEAM = 899Y8P9S36;
				INFOPLIST_FILE = ColorLiteratureTests/Info.plist;
				LD_RUNPATH_SEARCH_PATHS = (
					"$(inherited)",
					"@executable_path/Frameworks",
					"@loader_path/Frameworks",
				);
				PRODUCT_BUNDLE_IDENTIFIER = CKK.ColorLiteratureTests;
				PRODUCT_NAME = "$(TARGET_NAME)";
				SWIFT_VERSION = 4.2;
				TARGETED_DEVICE_FAMILY = "1,2";
				TEST_HOST = "$(BUILT_PRODUCTS_DIR)/ColorLiterature.app/ColorLiterature";
			};
			name = Release;
		};
		6BBA0FE520E71C8500E6B350 /* Debug */ = {
			isa = XCBuildConfiguration;
			buildSettings = {
				ALWAYS_EMBED_SWIFT_STANDARD_LIBRARIES = YES;
				CODE_SIGN_STYLE = Automatic;
				DEVELOPMENT_TEAM = 899Y8P9S36;
				INFOPLIST_FILE = ColorLiteratureUITests/Info.plist;
				LD_RUNPATH_SEARCH_PATHS = (
					"$(inherited)",
					"@executable_path/Frameworks",
					"@loader_path/Frameworks",
				);
				PRODUCT_BUNDLE_IDENTIFIER = CKK.ColorLiteratureUITests;
				PRODUCT_NAME = "$(TARGET_NAME)";
				SWIFT_VERSION = 4.2;
				TARGETED_DEVICE_FAMILY = "1,2";
				TEST_TARGET_NAME = ColorLiterature;
			};
			name = Debug;
		};
		6BBA0FE620E71C8500E6B350 /* Release */ = {
			isa = XCBuildConfiguration;
			buildSettings = {
				ALWAYS_EMBED_SWIFT_STANDARD_LIBRARIES = YES;
				CODE_SIGN_STYLE = Automatic;
				DEVELOPMENT_TEAM = 899Y8P9S36;
				INFOPLIST_FILE = ColorLiteratureUITests/Info.plist;
				LD_RUNPATH_SEARCH_PATHS = (
					"$(inherited)",
					"@executable_path/Frameworks",
					"@loader_path/Frameworks",
				);
				PRODUCT_BUNDLE_IDENTIFIER = CKK.ColorLiteratureUITests;
				PRODUCT_NAME = "$(TARGET_NAME)";
				SWIFT_VERSION = 4.2;
				TARGETED_DEVICE_FAMILY = "1,2";
				TEST_TARGET_NAME = ColorLiterature;
			};
			name = Release;
		};
/* End XCBuildConfiguration section */

/* Begin XCConfigurationList section */
		6BBA0FB120E71C8200E6B350 /* Build configuration list for PBXProject "ColorLiterature" */ = {
			isa = XCConfigurationList;
			buildConfigurations = (
				6BBA0FDC20E71C8500E6B350 /* Debug */,
				6BBA0FDD20E71C8500E6B350 /* Release */,
			);
			defaultConfigurationIsVisible = 0;
			defaultConfigurationName = Release;
		};
		6BBA0FDE20E71C8500E6B350 /* Build configuration list for PBXNativeTarget "ColorLiterature" */ = {
			isa = XCConfigurationList;
			buildConfigurations = (
				6BBA0FDF20E71C8500E6B350 /* Debug */,
				6BBA0FE020E71C8500E6B350 /* Release */,
			);
			defaultConfigurationIsVisible = 0;
			defaultConfigurationName = Release;
		};
		6BBA0FE120E71C8500E6B350 /* Build configuration list for PBXNativeTarget "ColorLiteratureTests" */ = {
			isa = XCConfigurationList;
			buildConfigurations = (
				6BBA0FE220E71C8500E6B350 /* Debug */,
				6BBA0FE320E71C8500E6B350 /* Release */,
			);
			defaultConfigurationIsVisible = 0;
			defaultConfigurationName = Release;
		};
		6BBA0FE420E71C8500E6B350 /* Build configuration list for PBXNativeTarget "ColorLiteratureUITests" */ = {
			isa = XCConfigurationList;
			buildConfigurations = (
				6BBA0FE520E71C8500E6B350 /* Debug */,
				6BBA0FE620E71C8500E6B350 /* Release */,
			);
			defaultConfigurationIsVisible = 0;
			defaultConfigurationName = Release;
		};
/* End XCConfigurationList section */
	};
	rootObject = 6BBA0FAE20E71C8200E6B350 /* Project object */;
}
